
Microsoft Visual Studio Solution File, Format Version 12.00
# Visual Studio Version 16
VisualStudioVersion = 16.0.31402.337
MinimumVisualStudioVersion = 10.0.40219.1
Project("{FAE04EC0-301F-11D3-BF4B-00C04F79EFBC}") = "TesteDapper", "TesteDapper\TesteDapper.csproj", "{86FB57C6-262A-4CA9-8BC5-1BF71A214BDC}"
EndProject
Global
	GlobalSection(SolutionConfigurationPlatforms) = preSolution
		Debug|Any CPU = Debug|Any CPU
		Release|Any CPU = Release|Any CPU
	EndGlobalSection
	GlobalSection(ProjectConfigurationPlatforms) = postSolution
		{86FB57C6-262A-4CA9-8BC5-1BF71A214BDC}.Debug|Any CPU.ActiveCfg = Debug|Any CPU
		{86FB57C6-262A-4CA9-8BC5-1BF71A214BDC}.Debug|Any CPU.Build.0 = Debug|Any CPU
		{86FB57C6-262A-4CA9-8BC5-1BF71A214BDC}.Release|Any CPU.ActiveCfg = Release|Any CPU
		{86FB57C6-262A-4CA9-8BC5-1BF71A214BDC}.Release|Any CPU.Build.0 = Release|Any CPU
	EndGlobalSection
	GlobalSection(SolutionProperties) = preSolution
		HideSolutionNode = FALSE
	EndGlobalSection
	GlobalSection(ExtensibilityGlobals) = postSolution
		SolutionGuid = {46150F9C-A354-4722-9B82-E8C9E8B351EC}
	EndGlobalSection
EndGlobal
